
Microsoft Visual Studio Solution File, Format Version 12.00
# Visual Studio 2012
Project("{FAE04EC0-301F-11D3-BF4B-00C04F79EFBC}") = "AR7ExportToolbar", "AR7ExportToolbar\AR7ExportToolbar.csproj", "{0C409372-888E-4A67-AAC8-36FE8CCCFDB5}"
EndProject
Global
	GlobalSection(SolutionConfigurationPlatforms) = preSolution
		Debug|Any CPU = Debug|Any CPU
		Release|Any CPU = Release|Any CPU
	EndGlobalSection
	GlobalSection(ProjectConfigurationPlatforms) = postSolution
		{0C409372-888E-4A67-AAC8-36FE8CCCFDB5}.Debug|Any CPU.ActiveCfg = Debug|Any CPU
		{0C409372-888E-4A67-AAC8-36FE8CCCFDB5}.Debug|Any CPU.Build.0 = Debug|Any CPU
		{0C409372-888E-4A67-AAC8-36FE8CCCFDB5}.Release|Any CPU.ActiveCfg = Release|Any CPU
		{0C409372-888E-4A67-AAC8-36FE8CCCFDB5}.Release|Any CPU.Build.0 = Release|Any CPU
	EndGlobalSection
	GlobalSection(SolutionProperties) = preSolution
		HideSolutionNode = FALSE
	EndGlobalSection
EndGlobal
